
Microsoft Visual Studio Solution File, Format Version 12.00
# Visual Studio Version 17
VisualStudioVersion = 17.4.33110.190
MinimumVisualStudioVersion = 10.0.40219.1
Project("{FAE04EC0-301F-11D3-BF4B-00C04F79EFBC}") = "appLivros", "appLivros\appLivros.csproj", "{3D03A7FB-A95C-4BAB-8907-D41F6098710C}"
EndProject
Global
	GlobalSection(SolutionConfigurationPlatforms) = preSolution
		Debug|Any CPU = Debug|Any CPU
		Release|Any CPU = Release|Any CPU
	EndGlobalSection
	GlobalSection(ProjectConfigurationPlatforms) = postSolution
		{3D03A7FB-A95C-4BAB-8907-D41F6098710C}.Debug|Any CPU.ActiveCfg = Debug|Any CPU
		{3D03A7FB-A95C-4BAB-8907-D41F6098710C}.Debug|Any CPU.Build.0 = Debug|Any CPU
		{3D03A7FB-A95C-4BAB-8907-D41F6098710C}.Release|Any CPU.ActiveCfg = Release|Any CPU
		{3D03A7FB-A95C-4BAB-8907-D41F6098710C}.Release|Any CPU.Build.0 = Release|Any CPU
	EndGlobalSection
	GlobalSection(SolutionProperties) = preSolution
		HideSolutionNode = FALSE
	EndGlobalSection
	GlobalSection(ExtensibilityGlobals) = postSolution
		SolutionGuid = {2D4876FA-A2FB-42D6-A349-C0DA0A758D3E}
	EndGlobalSection
EndGlobal
